
Microsoft Visual Studio Solution File, Format Version 10.00
# Visual Studio 2008
Project("{FAE04EC0-301F-11D3-BF4B-00C04F79EFBC}") = "MyFeed.Core", "MyFeed.Core\MyFeed.Core.csproj", "{7E6C7081-2228-4C66-9DD8-4A76A725AE6D}"
EndProject
Project("{FAE04EC0-301F-11D3-BF4B-00C04F79EFBC}") = "MyFeed.Presentation", "MyFeed.Presentation\MyFeed.Presentation.csproj", "{170FB5C2-C409-4CFC-B9F3-0BAFFE8EAFB5}"
EndProject
Project("{FAE04EC0-301F-11D3-BF4B-00C04F79EFBC}") = "MyFeed.Tests", "MyFeed.Tests\MyFeed.Tests.csproj", "{F53E85DF-6D10-4645-AFF9-5D0C8BB5997D}"
EndProject
Global
	GlobalSection(SolutionConfigurationPlatforms) = preSolution
		Debug|Any CPU = Debug|Any CPU
		Release|Any CPU = Release|Any CPU
	EndGlobalSection
	GlobalSection(ProjectConfigurationPlatforms) = postSolution
		{7E6C7081-2228-4C66-9DD8-4A76A725AE6D}.Debug|Any CPU.ActiveCfg = Debug|Any CPU
		{7E6C7081-2228-4C66-9DD8-4A76A725AE6D}.Debug|Any CPU.Build.0 = Debug|Any CPU
		{7E6C7081-2228-4C66-9DD8-4A76A725AE6D}.Release|Any CPU.ActiveCfg = Release|Any CPU
		{7E6C7081-2228-4C66-9DD8-4A76A725AE6D}.Release|Any CPU.Build.0 = Release|Any CPU
		{170FB5C2-C409-4CFC-B9F3-0BAFFE8EAFB5}.Debug|Any CPU.ActiveCfg = Debug|Any CPU
		{170FB5C2-C409-4CFC-B9F3-0BAFFE8EAFB5}.Debug|Any CPU.Build.0 = Debug|Any CPU
		{170FB5C2-C409-4CFC-B9F3-0BAFFE8EAFB5}.Release|Any CPU.ActiveCfg = Release|Any CPU
		{170FB5C2-C409-4CFC-B9F3-0BAFFE8EAFB5}.Release|Any CPU.Build.0 = Release|Any CPU
		{F53E85DF-6D10-4645-AFF9-5D0C8BB5997D}.Debug|Any CPU.ActiveCfg = Debug|Any CPU
		{F53E85DF-6D10-4645-AFF9-5D0C8BB5997D}.Debug|Any CPU.Build.0 = Debug|Any CPU
		{F53E85DF-6D10-4645-AFF9-5D0C8BB5997D}.Release|Any CPU.ActiveCfg = Release|Any CPU
		{F53E85DF-6D10-4645-AFF9-5D0C8BB5997D}.Release|Any CPU.Build.0 = Release|Any CPU
	EndGlobalSection
	GlobalSection(SolutionProperties) = preSolution
		HideSolutionNode = FALSE
	EndGlobalSection
EndGlobal
